
Microsoft Visual Studio Solution File, Format Version 12.00
# Visual Studio 14
VisualStudioVersion = 14.0.25420.1
MinimumVisualStudioVersion = 10.0.40219.1
Project("{FAE04EC0-301F-11D3-BF4B-00C04F79EFBC}") = "PersonSearch", "PersonSearch\PersonSearch.csproj", "{90891BD8-0419-41FF-B07A-A520DACC8BB3}"
EndProject
Project("{2150E333-8FDC-42A3-9474-1A3956D46DE8}") = "Data", "Data", "{03926A19-9BB2-466B-9E63-835FD39CB734}"
EndProject
Project("{2150E333-8FDC-42A3-9474-1A3956D46DE8}") = "Services", "Services", "{227AB90C-C3FA-48A5-9AE6-C78730245C12}"
EndProject
Project("{FAE04EC0-301F-11D3-BF4B-00C04F79EFBC}") = "DataAccess", "Database\DataAccess.csproj", "{79611D5A-E8BC-4D9D-AE7F-5D1C325FBBEC}"
EndProject
Project("{2150E333-8FDC-42A3-9474-1A3956D46DE8}") = "Web", "Web", "{D6A6B388-F3E1-4FCD-B271-C9BC7DB7A67D}"
EndProject
Project("{FAE04EC0-301F-11D3-BF4B-00C04F79EFBC}") = "PersonSearch.Test", "PersonSearch.Test\PersonSearch.Test.csproj", "{2ED5ABE9-B827-4D54-82D9-D969137AFAF1}"
EndProject
Project("{FAE04EC0-301F-11D3-BF4B-00C04F79EFBC}") = "PersonSearchServices", "PersonSearchServices\PersonSearchServices.csproj", "{2C5F864C-F293-47B1-B685-E3DE721EA7CE}"
EndProject
Project("{FAE04EC0-301F-11D3-BF4B-00C04F79EFBC}") = "PersonSearchServices.Test", "PersonSearchServices.Test\PersonSearchServices.Test.csproj", "{97ACE84E-7EC4-4ACE-AB3B-7E27AEA69959}"
EndProject
Global
	GlobalSection(SolutionConfigurationPlatforms) = preSolution
		Debug|Any CPU = Debug|Any CPU
		Release|Any CPU = Release|Any CPU
	EndGlobalSection
	GlobalSection(ProjectConfigurationPlatforms) = postSolution
		{90891BD8-0419-41FF-B07A-A520DACC8BB3}.Debug|Any CPU.ActiveCfg = Debug|Any CPU
		{90891BD8-0419-41FF-B07A-A520DACC8BB3}.Debug|Any CPU.Build.0 = Debug|Any CPU
		{90891BD8-0419-41FF-B07A-A520DACC8BB3}.Release|Any CPU.ActiveCfg = Release|Any CPU
		{90891BD8-0419-41FF-B07A-A520DACC8BB3}.Release|Any CPU.Build.0 = Release|Any CPU
		{79611D5A-E8BC-4D9D-AE7F-5D1C325FBBEC}.Debug|Any CPU.ActiveCfg = Debug|Any CPU
		{79611D5A-E8BC-4D9D-AE7F-5D1C325FBBEC}.Debug|Any CPU.Build.0 = Debug|Any CPU
		{79611D5A-E8BC-4D9D-AE7F-5D1C325FBBEC}.Release|Any CPU.ActiveCfg = Release|Any CPU
		{79611D5A-E8BC-4D9D-AE7F-5D1C325FBBEC}.Release|Any CPU.Build.0 = Release|Any CPU
		{2ED5ABE9-B827-4D54-82D9-D969137AFAF1}.Debug|Any CPU.ActiveCfg = Debug|Any CPU
		{2ED5ABE9-B827-4D54-82D9-D969137AFAF1}.Debug|Any CPU.Build.0 = Debug|Any CPU
		{2ED5ABE9-B827-4D54-82D9-D969137AFAF1}.Release|Any CPU.ActiveCfg = Release|Any CPU
		{2ED5ABE9-B827-4D54-82D9-D969137AFAF1}.Release|Any CPU.Build.0 = Release|Any CPU
		{2C5F864C-F293-47B1-B685-E3DE721EA7CE}.Debug|Any CPU.ActiveCfg = Debug|Any CPU
		{2C5F864C-F293-47B1-B685-E3DE721EA7CE}.Debug|Any CPU.Build.0 = Debug|Any CPU
		{2C5F864C-F293-47B1-B685-E3DE721EA7CE}.Release|Any CPU.ActiveCfg = Release|Any CPU
		{2C5F864C-F293-47B1-B685-E3DE721EA7CE}.Release|Any CPU.Build.0 = Release|Any CPU
		{97ACE84E-7EC4-4ACE-AB3B-7E27AEA69959}.Debug|Any CPU.ActiveCfg = Debug|Any CPU
		{97ACE84E-7EC4-4ACE-AB3B-7E27AEA69959}.Debug|Any CPU.Build.0 = Debug|Any CPU
		{97ACE84E-7EC4-4ACE-AB3B-7E27AEA69959}.Release|Any CPU.ActiveCfg = Release|Any CPU
		{97ACE84E-7EC4-4ACE-AB3B-7E27AEA69959}.Release|Any CPU.Build.0 = Release|Any CPU
	EndGlobalSection
	GlobalSection(SolutionProperties) = preSolution
		HideSolutionNode = FALSE
	EndGlobalSection
	GlobalSection(NestedProjects) = preSolution
		{90891BD8-0419-41FF-B07A-A520DACC8BB3} = {D6A6B388-F3E1-4FCD-B271-C9BC7DB7A67D}
		{79611D5A-E8BC-4D9D-AE7F-5D1C325FBBEC} = {03926A19-9BB2-466B-9E63-835FD39CB734}
		{2ED5ABE9-B827-4D54-82D9-D969137AFAF1} = {D6A6B388-F3E1-4FCD-B271-C9BC7DB7A67D}
		{2C5F864C-F293-47B1-B685-E3DE721EA7CE} = {227AB90C-C3FA-48A5-9AE6-C78730245C12}
		{97ACE84E-7EC4-4ACE-AB3B-7E27AEA69959} = {227AB90C-C3FA-48A5-9AE6-C78730245C12}
	EndGlobalSection
EndGlobal
